
Microsoft Visual Studio Solution File, Format Version 12.00
# Visual Studio Version 17
VisualStudioVersion = 17.11.35312.102
MinimumVisualStudioVersion = 10.0.40219.1
Project("{2150E333-8FDC-42A3-9474-1A3956D46DE8}") = "Solution Items", "Solution Items", "{643A78DE-A213-4598-82A0-A2AA534531E0}"
	ProjectSection(SolutionItems) = preProject
		.editorconfig = .editorconfig
		README.md = README.md
	EndProjectSection
EndProject
Project("{FAE04EC0-301F-11D3-BF4B-00C04F79EFBC}") = "GameEngine", "GameEngine\GameEngine.csproj", "{52EA3A49-DF66-4B3C-9057-C08957657E9B}"
EndProject
Project("{FAE04EC0-301F-11D3-BF4B-00C04F79EFBC}") = "SnowfallScreensaver", "SnowfallScreensaver\SnowfallScreensaver.csproj", "{FC4AF14D-761F-4C5E-AA6F-01F9725C3F86}"
EndProject
Project("{FAE04EC0-301F-11D3-BF4B-00C04F79EFBC}") = "ObjectMemory", "ObjectMemory\ObjectMemory.csproj", "{6D6C860D-0BF5-4930-823D-D420A59126DD}"
EndProject
Project("{FAE04EC0-301F-11D3-BF4B-00C04F79EFBC}") = "ObjectManager", "ObjectManager\ObjectManager.csproj", "{986EE72B-30EB-49AA-926D-A1EEE730F080}"
EndProject
Project("{FAE04EC0-301F-11D3-BF4B-00C04F79EFBC}") = "SnowfallModels", "ObjectModel\SnowfallModels.csproj", "{DF70F44B-E912-4006-A156-0BA20F54E519}"
EndProject
Global
	GlobalSection(SolutionConfigurationPlatforms) = preSolution
		Debug|Any CPU = Debug|Any CPU
		Release|Any CPU = Release|Any CPU
	EndGlobalSection
	GlobalSection(ProjectConfigurationPlatforms) = postSolution
		{52EA3A49-DF66-4B3C-9057-C08957657E9B}.Debug|Any CPU.ActiveCfg = Debug|Any CPU
		{52EA3A49-DF66-4B3C-9057-C08957657E9B}.Debug|Any CPU.Build.0 = Debug|Any CPU
		{52EA3A49-DF66-4B3C-9057-C08957657E9B}.Release|Any CPU.ActiveCfg = Release|Any CPU
		{52EA3A49-DF66-4B3C-9057-C08957657E9B}.Release|Any CPU.Build.0 = Release|Any CPU
		{FC4AF14D-761F-4C5E-AA6F-01F9725C3F86}.Debug|Any CPU.ActiveCfg = Debug|Any CPU
		{FC4AF14D-761F-4C5E-AA6F-01F9725C3F86}.Debug|Any CPU.Build.0 = Debug|Any CPU
		{FC4AF14D-761F-4C5E-AA6F-01F9725C3F86}.Release|Any CPU.ActiveCfg = Release|Any CPU
		{FC4AF14D-761F-4C5E-AA6F-01F9725C3F86}.Release|Any CPU.Build.0 = Release|Any CPU
		{6D6C860D-0BF5-4930-823D-D420A59126DD}.Debug|Any CPU.ActiveCfg = Debug|Any CPU
		{6D6C860D-0BF5-4930-823D-D420A59126DD}.Debug|Any CPU.Build.0 = Debug|Any CPU
		{6D6C860D-0BF5-4930-823D-D420A59126DD}.Release|Any CPU.ActiveCfg = Release|Any CPU
		{6D6C860D-0BF5-4930-823D-D420A59126DD}.Release|Any CPU.Build.0 = Release|Any CPU
		{986EE72B-30EB-49AA-926D-A1EEE730F080}.Debug|Any CPU.ActiveCfg = Debug|Any CPU
		{986EE72B-30EB-49AA-926D-A1EEE730F080}.Debug|Any CPU.Build.0 = Debug|Any CPU
		{986EE72B-30EB-49AA-926D-A1EEE730F080}.Release|Any CPU.ActiveCfg = Release|Any CPU
		{986EE72B-30EB-49AA-926D-A1EEE730F080}.Release|Any CPU.Build.0 = Release|Any CPU
		{DF70F44B-E912-4006-A156-0BA20F54E519}.Debug|Any CPU.ActiveCfg = Debug|Any CPU
		{DF70F44B-E912-4006-A156-0BA20F54E519}.Debug|Any CPU.Build.0 = Debug|Any CPU
		{DF70F44B-E912-4006-A156-0BA20F54E519}.Release|Any CPU.ActiveCfg = Release|Any CPU
		{DF70F44B-E912-4006-A156-0BA20F54E519}.Release|Any CPU.Build.0 = Release|Any CPU
	EndGlobalSection
	GlobalSection(SolutionProperties) = preSolution
		HideSolutionNode = FALSE
	EndGlobalSection
	GlobalSection(ExtensibilityGlobals) = postSolution
		SolutionGuid = {97609CCA-CF44-424E-9AB7-C1979ADD3D3D}
	EndGlobalSection
EndGlobal
